
Microsoft Visual Studio Solution File, Format Version 12.00
# Visual Studio Version 16
VisualStudioVersion = 16.0.30309.148
MinimumVisualStudioVersion = 10.0.40219.1
Project("{9A19103F-16F7-4668-BE54-9A1E7A4F7556}") = "ExcelDocumentsModule", "ExcelDocumentsModule\ExcelDocumentsModule.csproj", "{2B081D5F-5018-4316-A9E5-8324D651DCAE}"
EndProject
Project("{FAE04EC0-301F-11D3-BF4B-00C04F79EFBC}") = "IExcelDocumentsModule", "IExcelDocumentsModule\IExcelDocumentsModule.csproj", "{5398C658-245A-49FB-971F-24FA08E1EAE1}"
EndProject
Project("{FAE04EC0-301F-11D3-BF4B-00C04F79EFBC}") = "ExcelDocumentsModuleTests", "ExcelDocumentsModuleTests\ExcelDocumentsModuleTests.csproj", "{6B42DF62-A3CD-4ACB-9593-405957DDF7F1}"
EndProject
Global
	GlobalSection(SolutionConfigurationPlatforms) = preSolution
		Debug|Any CPU = Debug|Any CPU
		Release|Any CPU = Release|Any CPU
	EndGlobalSection
	GlobalSection(ProjectConfigurationPlatforms) = postSolution
		{2B081D5F-5018-4316-A9E5-8324D651DCAE}.Debug|Any CPU.ActiveCfg = Debug|Any CPU
		{2B081D5F-5018-4316-A9E5-8324D651DCAE}.Debug|Any CPU.Build.0 = Debug|Any CPU
		{2B081D5F-5018-4316-A9E5-8324D651DCAE}.Release|Any CPU.ActiveCfg = Release|Any CPU
		{2B081D5F-5018-4316-A9E5-8324D651DCAE}.Release|Any CPU.Build.0 = Release|Any CPU
		{5398C658-245A-49FB-971F-24FA08E1EAE1}.Debug|Any CPU.ActiveCfg = Debug|Any CPU
		{5398C658-245A-49FB-971F-24FA08E1EAE1}.Debug|Any CPU.Build.0 = Debug|Any CPU
		{5398C658-245A-49FB-971F-24FA08E1EAE1}.Release|Any CPU.ActiveCfg = Release|Any CPU
		{5398C658-245A-49FB-971F-24FA08E1EAE1}.Release|Any CPU.Build.0 = Release|Any CPU
		{6B42DF62-A3CD-4ACB-9593-405957DDF7F1}.Debug|Any CPU.ActiveCfg = Debug|Any CPU
		{6B42DF62-A3CD-4ACB-9593-405957DDF7F1}.Debug|Any CPU.Build.0 = Debug|Any CPU
		{6B42DF62-A3CD-4ACB-9593-405957DDF7F1}.Release|Any CPU.ActiveCfg = Release|Any CPU
		{6B42DF62-A3CD-4ACB-9593-405957DDF7F1}.Release|Any CPU.Build.0 = Release|Any CPU
	EndGlobalSection
	GlobalSection(SolutionProperties) = preSolution
		HideSolutionNode = FALSE
	EndGlobalSection
	GlobalSection(ExtensibilityGlobals) = postSolution
		SolutionGuid = {8339FBFA-4910-4110-A5DD-E8DA33FC5481}
	EndGlobalSection
EndGlobal
